# This file is automatically @generated by Cargo.
# It is not intended for manual editing.
version = 4

[[package]]
name = "adler2"
version = "2.0.1"
source = "registry+https://github.com/rust-lang/crates.io-index"
checksum = "320119579fcad9c21884f5c4861d16174d0e06250625266f50fe6898340abefa"

[[package]]
name = "bitflags"
version = "1.3.2"
source = "registry+https://github.com/rust-lang/crates.io-index"
checksum = "bef38d45163c2f1dde094a7dfd33ccf595c92905c8f8f4fdc18d06fb1037718a"

[[package]]
name = "cfg-if"
version = "1.0.4"
source = "registry+https://github.com/rust-lang/crates.io-index"
checksum = "9330f8b2ff13f34540b44e946ef35111825727b38d33286ef986142615121801"

[[package]]
name = "crc32fast"
version = "1.5.0"
source = "registry+https://github.com/rust-lang/crates.io-index"
checksum = "9481c1c90cbf2ac953f07c8d4a58aa3945c425b7185c9154d67a65e4230da511"
dependencies = [
 "cfg-if",
]

[[package]]
name = "fdeflate"
version = "0.3.7"
source = "registry+https://github.com/rust-lang/crates.io-index"
checksum = "1e6853b52649d4ac5c0bd02320cddc5ba956bdb407c4b75a2c6b75bf51500f8c"
dependencies = [
 "simd-adler32",
]

[[package]]
name = "flate2"
version = "1.1.9"
source = "registry+https://github.com/rust-lang/crates.io-index"
checksum = "843fba2746e448b37e26a819579957415c8cef339bf08564fe8b7ddbd959573c"
dependencies = [
 "crc32fast",
 "miniz_oxide",
]

[[package]]
name = "itoa"
version = "1.0.18"
source = "registry+https://github.com/rust-lang/crates.io-index"
checksum = "8f42a60cbdf9a97f5d2305f08a87dc4e09308d1276d28c869c684d7777685682"

[[package]]
name = "memchr"
version = "2.8.3"
source = "registry+https://github.com/rust-lang/crates.io-index"
checksum = "cf8baf1c55e62ffcace7a9f06f4bd9cd3f0c4beb022d3b367256b91b87513d98"

[[package]]
name = "miniz_oxide"
version = "0.8.9"
source = "registry+https://github.com/rust-lang/crates.io-index"
checksum = "1fa76a2c86f704bdb222d66965fb3d63269ce38518b83cb0575fca855ebb6316"
dependencies = [
 "adler2",
 "simd-adler32",
]

[[package]]
name = "png"
version = "0.17.16"
source = "registry+https://github.com/rust-lang/crates.io-index"
checksum = "82151a2fc869e011c153adc57cf2789ccb8d9906ce52c0b39a6b5697749d7526"
dependencies = [
 "bitflags",
 "crc32fast",
 "fdeflate",
 "flate2",
 "miniz_oxide",
]

[[package]]
name = "proc-macro2"
version = "1.0.106"
source = "registry+https://github.com/rust-lang/crates.io-index"
checksum = "8fd00f0bb2e90d81d1044c2b32617f68fcb9fa3bb7640c23e9c748e53fb30934"
dependencies = [
 "unicode-ident",
]

[[package]]
name = "quote"
version = "1.0.46"
source = "registry+https://github.com/rust-lang/crates.io-index"
checksum = "dfbc457d0c7a0759a614551b11a6409e5951f6c7537be1f1b7682b9ae9230368"
dependencies = [
 "proc-macro2",
]

[[package]]
name = "serde"
version = "1.0.228"
source = "registry+https://github.com/rust-lang/crates.io-index"
checksum = "9a8e94ea7f378bd32cbbd37198a4a91436180c5bb472411e48b5ec2e2124ae9e"
dependencies = [
 "serde_core",
 "serde_derive",
]

[[package]]
name = "serde_core"
version = "1.0.228"
source = "registry+https://github.com/rust-lang/crates.io-index"
checksum = "41d385c7d4ca58e59fc732af25c3983b67ac852c1a25000afe1175de458b67ad"
dependencies = [
 "serde_derive",
]

[[package]]
name = "serde_derive"
version = "1.0.228"
source = "registry+https://github.com/rust-lang/crates.io-index"
checksum = "d540f220d3187173da220f885ab66608367b6574e925011a9353e4badda91d79"
dependencies = [
 "proc-macro2",
 "quote",
 "syn",
]

[[package]]
name = "serde_json"
version = "1.0.150"
source = "registry+https://github.com/rust-lang/crates.io-index"
checksum = "e8014e44b4736ed0538adeecded0fce2a272f22dc9578a7eb6b2d9993c74cfb9"
dependencies = [
 "itoa",
 "memchr",
 "serde",
 "serde_core",
 "zmij",
]

[[package]]
name = "simd-adler32"
version = "0.3.9"
source = "registry+https://github.com/rust-lang/crates.io-index"
checksum = "703d5c7ef118737c72f1af64ad2f6f8c5e1921f818cdcb97b8fe6fc69bf66214"

[[package]]
name = "syn"
version = "2.0.118"
source = "registry+https://github.com/rust-lang/crates.io-index"
checksum = "1b9ae57f904213ebb649ce6895b8a66c66f0203b9319718f69a5612a065b1422"
dependencies = [
 "proc-macro2",
 "quote",
 "unicode-ident",
]

[[package]]
name = "unicode-ident"
version = "1.0.24"
source = "registry+https://github.com/rust-lang/crates.io-index"
checksum = "e6e4313cd5fcd3dad5cafa179702e2b244f760991f45397d14d4ebf38247da75"

[[package]]
name = "yog-abi"
version = "0.14.0"
source = "registry+https://github.com/rust-lang/crates.io-index"
checksum = "4f9f07ba8e1766907c7f92d3679fc70a901c606fdd1a6807e4dcdc39dbf20c0a"

[[package]]
name = "yog-api"
version = "0.46.0"
source = "registry+https://github.com/rust-lang/crates.io-index"
checksum = "028fd3ab53daac3e838d8b27d012ec33f02b70f5e1286b8af1d071c0d81743c4"
dependencies = [
 "yog-abi",
 "yog-book",
 "yog-command",
 "yog-config",
 "yog-core",
 "yog-entity",
 "yog-event",
 "yog-gfx",
 "yog-logging",
 "yog-network",
 "yog-player",
 "yog-registry",
 "yog-storage",
 "yog-ui",
 "yog-world",
]

[[package]]
name = "yog-book"
version = "0.40.0"
source = "registry+https://github.com/rust-lang/crates.io-index"
checksum = "59754c4d5997375e78a0caa93b1efe36c0848b4564bd944cfadfcd94cbdbe808"
dependencies = [
 "png",
 "serde",
 "serde_json",
 "yog-gfx",
 "yog-registry",
 "yog-ui",
]

[[package]]
name = "yog-command"
version = "0.1.0"
source = "registry+https://github.com/rust-lang/crates.io-index"
checksum = "fad41014e342cb6c00b02edd5e7d8085c29f0410aef6d8e20d04807790324669"

[[package]]
name = "yog-config"
version = "0.1.0"
source = "registry+https://github.com/rust-lang/crates.io-index"
checksum = "d712d79a3e046f0482232c1dc59400e23f85f60935758b7bbcf2a02ed288e981"

[[package]]
name = "yog-core"
version = "0.2.0"
source = "registry+https://github.com/rust-lang/crates.io-index"
checksum = "2e8d0c9e25b66bf0a0c30d352df7ebd70f1cebd9fe64d0a6c29974e9e2195a83"

[[package]]
name = "yog-entity"
version = "0.2.0"
source = "registry+https://github.com/rust-lang/crates.io-index"
checksum = "e9296baca8690d28eb9fa5b39f3484ef0d76019231055d65e67e754179c1e74b"
dependencies = [
 "yog-core",
]

[[package]]
name = "yog-event"
version = "0.2.0"
source = "registry+https://github.com/rust-lang/crates.io-index"
checksum = "d957b5f2cd3f159d0e345a5b854865cb7b146852d8e929f120a5a958fa782cbf"
dependencies = [
 "yog-core",
]

[[package]]
name = "yog-gfx"
version = "0.11.0"
source = "registry+https://github.com/rust-lang/crates.io-index"
checksum = "3e35f33d7c263e4bf09869a39b738c503725017748156f0fcb2d9acc74fdcb32"
dependencies = [
 "yog-abi",
]

[[package]]
name = "yog-logging"
version = "0.1.0"
source = "registry+https://github.com/rust-lang/crates.io-index"
checksum = "1001108092147a04ae91db83a2f108bf2cacdc189809512bff9396d14e05dd83"

[[package]]
name = "yog-network"
version = "0.1.0"
source = "registry+https://github.com/rust-lang/crates.io-index"
checksum = "ebae18d123f9e2e9f129410f826c760be4f909f2a44f8df6a6966bb6570db85a"

[[package]]
name = "yog-player"
version = "0.2.0"
source = "registry+https://github.com/rust-lang/crates.io-index"
checksum = "cbb239a794bd95cb79435f864e85d19370bf934eb9bc822212a0c31beb1db649"
dependencies = [
 "yog-core",
 "yog-entity",
]

[[package]]
name = "yog-registry"
version = "0.14.0"
source = "registry+https://github.com/rust-lang/crates.io-index"
checksum = "73064e1c64669ae0595bf30aa476b2385d69fa471d8e516988b0fde4b5cd88a4"
dependencies = [
 "serde",
 "yog-abi",
]

[[package]]
name = "yog-storage"
version = "0.1.0"
source = "registry+https://github.com/rust-lang/crates.io-index"
checksum = "d300b68e1172c9cec95fee547a1cf641cc7063562b5851b91017814d39beb045"

[[package]]
name = "yog-ui"
version = "0.20.0"
source = "registry+https://github.com/rust-lang/crates.io-index"
checksum = "651e387b5b3d1f2f1437a7679b4cc000c8f92674e66d9b0cc5633aad3afc54aa"
dependencies = [
 "yog-abi",
 "yog-gfx",
]

[[package]]
name = "yog-vlsi"
version = "0.1.0"
dependencies = [
 "serde",
 "serde_json",
 "yog-api",
]

[[package]]
name = "yog-world"
version = "0.2.0"
source = "registry+https://github.com/rust-lang/crates.io-index"
checksum = "3209e543dd554b94f5fb0e844e44cabd06e7c36d6ba3418a1bbc766354b13e52"
dependencies = [
 "yog-core",
]

[[package]]
name = "zmij"
version = "1.0.21"
source = "registry+https://github.com/rust-lang/crates.io-index"
checksum = "b8848ee67ecc8aedbaf3e4122217aff892639231befc6a1b58d29fff4c2cabaa"
