# This file is automatically @generated by Cargo.
# It is not intended for manual editing.
version = 4

[[package]]
name = "adler2"
version = "2.0.1"
source = "registry+https://github.com/rust-lang/crates.io-index"
checksum = "320119579fcad9c21884f5c4861d16174d0e06250625266f50fe6898340abefa"

[[package]]
name = "bitflags"
version = "2.13.0"
source = "registry+https://github.com/rust-lang/crates.io-index"
checksum = "b4388bee8683e3d04af747c73422af53102d2bd24d9eadb6cbc100baef4b43f8"

[[package]]
name = "bumpalo"
version = "3.20.3"
source = "registry+https://github.com/rust-lang/crates.io-index"
checksum = "72f5acc6cb2ba439de613abc23857ec3d78374d8ed5ac84e9d11336e87da8649"

[[package]]
name = "bytecheck"
version = "0.8.2"
source = "registry+https://github.com/rust-lang/crates.io-index"
checksum = "0caa33a2c0edca0419d15ac723dff03f1956f7978329b1e3b5fdaaaed9d3ca8b"
dependencies = [
 "bytecheck_derive",
 "ptr_meta",
 "rancor",
 "simdutf8",
]

[[package]]
name = "bytecheck_derive"
version = "0.8.2"
source = "registry+https://github.com/rust-lang/crates.io-index"
checksum = "89385e82b5d1821d2219e0b095efa2cc1f246cbf99080f3be46a1a85c0d392d9"
dependencies = [
 "proc-macro2",
 "quote",
 "syn",
]

[[package]]
name = "bytes"
version = "1.12.1"
source = "registry+https://github.com/rust-lang/crates.io-index"
checksum = "fc652a48c352aef3ea3aed32080501cf3ef6ed5da78602a020c991775b0aff04"

[[package]]
name = "cfg-if"
version = "1.0.4"
source = "registry+https://github.com/rust-lang/crates.io-index"
checksum = "9330f8b2ff13f34540b44e946ef35111825727b38d33286ef986142615121801"

[[package]]
name = "crc32fast"
version = "1.5.0"
source = "registry+https://github.com/rust-lang/crates.io-index"
checksum = "9481c1c90cbf2ac953f07c8d4a58aa3945c425b7185c9154d67a65e4230da511"
dependencies = [
 "cfg-if",
]

[[package]]
name = "ctor"
version = "1.0.8"
source = "registry+https://github.com/rust-lang/crates.io-index"
checksum = "fb22e947478ccf9dc44d8922042c677a63fbb88f2cb468521d1145816e5087cb"
dependencies = [
 "link-section",
 "linktime-proc-macro",
]

[[package]]
name = "equivalent"
version = "1.0.2"
source = "registry+https://github.com/rust-lang/crates.io-index"
checksum = "877a4ace8713b0bcf2a4e7eec82529c029f1d0619886d18145fea96c3ffe5c0f"

[[package]]
name = "fdeflate"
version = "0.3.7"
source = "registry+https://github.com/rust-lang/crates.io-index"
checksum = "1e6853b52649d4ac5c0bd02320cddc5ba956bdb407c4b75a2c6b75bf51500f8c"
dependencies = [
 "simd-adler32",
]

[[package]]
name = "flate2"
version = "1.1.9"
source = "registry+https://github.com/rust-lang/crates.io-index"
checksum = "843fba2746e448b37e26a819579957415c8cef339bf08564fe8b7ddbd959573c"
dependencies = [
 "crc32fast",
 "miniz_oxide",
]

[[package]]
name = "futures-core"
version = "0.3.32"
source = "registry+https://github.com/rust-lang/crates.io-index"
checksum = "7e3450815272ef58cec6d564423f6e755e25379b217b0bc688e295ba24df6b1d"

[[package]]
name = "futures-task"
version = "0.3.32"
source = "registry+https://github.com/rust-lang/crates.io-index"
checksum = "037711b3d59c33004d3856fbdc83b99d4ff37a24768fa1be9ce3538a1cde4393"

[[package]]
name = "futures-util"
version = "0.3.32"
source = "registry+https://github.com/rust-lang/crates.io-index"
checksum = "389ca41296e6190b48053de0321d02a77f32f8a5d2461dd38762c0593805c6d6"
dependencies = [
 "futures-core",
 "futures-task",
 "pin-project-lite",
 "slab",
]

[[package]]
name = "getrandom"
version = "0.4.3"
source = "registry+https://github.com/rust-lang/crates.io-index"
checksum = "300e883d756b2e4ec94e02791f39b04b522276138852cfc41d9fb7e904106099"
dependencies = [
 "cfg-if",
 "libc",
 "r-efi",
]

[[package]]
name = "hashbrown"
version = "0.17.1"
source = "registry+https://github.com/rust-lang/crates.io-index"
checksum = "ed5909b6e89a2db4456e54cd5f673791d7eca6732202bbf2a9cc504fe2f9b84a"

[[package]]
name = "indexmap"
version = "2.14.0"
source = "registry+https://github.com/rust-lang/crates.io-index"
checksum = "d466e9454f08e4a911e14806c24e16fba1b4c121d1ea474396f396069cf949d9"
dependencies = [
 "equivalent",
 "hashbrown",
]

[[package]]
name = "itoa"
version = "1.0.18"
source = "registry+https://github.com/rust-lang/crates.io-index"
checksum = "8f42a60cbdf9a97f5d2305f08a87dc4e09308d1276d28c869c684d7777685682"

[[package]]
name = "js-sys"
version = "0.3.103"
source = "registry+https://github.com/rust-lang/crates.io-index"
checksum = "53b44bfcdb3f8d5837a46dae1ca9660a837176eee74a28b229bc626816589102"
dependencies = [
 "cfg-if",
 "futures-util",
 "wasm-bindgen",
]

[[package]]
name = "libc"
version = "0.2.186"
source = "registry+https://github.com/rust-lang/crates.io-index"
checksum = "68ab91017fe16c622486840e4c83c9a37afeff978bd239b5293d61ece587de66"

[[package]]
name = "link-section"
version = "0.19.0"
source = "registry+https://github.com/rust-lang/crates.io-index"
checksum = "e333fe507b738576d6da5bb3f1a7d7a1c80307ed9ef31624c057d844c19c93e9"

[[package]]
name = "linktime-proc-macro"
version = "0.2.0"
source = "registry+https://github.com/rust-lang/crates.io-index"
checksum = "8c7b0a3383c2a1002d11349c92c85a666a5fb679e96c79d782cf0dbe557fd6ee"

[[package]]
name = "memchr"
version = "2.8.3"
source = "registry+https://github.com/rust-lang/crates.io-index"
checksum = "cf8baf1c55e62ffcace7a9f06f4bd9cd3f0c4beb022d3b367256b91b87513d98"

[[package]]
name = "miniz_oxide"
version = "0.8.9"
source = "registry+https://github.com/rust-lang/crates.io-index"
checksum = "1fa76a2c86f704bdb222d66965fb3d63269ce38518b83cb0575fca855ebb6316"
dependencies = [
 "adler2",
 "simd-adler32",
]

[[package]]
name = "munge"
version = "0.4.7"
source = "registry+https://github.com/rust-lang/crates.io-index"
checksum = "5e17401f259eba956ca16491461b6e8f72913a0a114e39736ce404410f915a0c"
dependencies = [
 "munge_macro",
]

[[package]]
name = "munge_macro"
version = "0.4.7"
source = "registry+https://github.com/rust-lang/crates.io-index"
checksum = "4568f25ccbd45ab5d5603dc34318c1ec56b117531781260002151b8530a9f931"
dependencies = [
 "proc-macro2",
 "quote",
 "syn",
]

[[package]]
name = "once_cell"
version = "1.21.4"
source = "registry+https://github.com/rust-lang/crates.io-index"
checksum = "9f7c3e4beb33f85d45ae3e3a1792185706c8e16d043238c593331cc7cd313b50"

[[package]]
name = "pin-project-lite"
version = "0.2.17"
source = "registry+https://github.com/rust-lang/crates.io-index"
checksum = "a89322df9ebe1c1578d689c92318e070967d1042b512afbe49518723f4e6d5cd"

[[package]]
name = "png"
version = "0.18.1"
source = "registry+https://github.com/rust-lang/crates.io-index"
checksum = "60769b8b31b2a9f263dae2776c37b1b28ae246943cf719eb6946a1db05128a61"
dependencies = [
 "bitflags",
 "crc32fast",
 "fdeflate",
 "flate2",
 "miniz_oxide",
]

[[package]]
name = "proc-macro2"
version = "1.0.106"
source = "registry+https://github.com/rust-lang/crates.io-index"
checksum = "8fd00f0bb2e90d81d1044c2b32617f68fcb9fa3bb7640c23e9c748e53fb30934"
dependencies = [
 "unicode-ident",
]

[[package]]
name = "ptr_meta"
version = "0.3.1"
source = "registry+https://github.com/rust-lang/crates.io-index"
checksum = "0b9a0cf95a1196af61d4f1cbdab967179516d9a4a4312af1f31948f8f6224a79"
dependencies = [
 "ptr_meta_derive",
]

[[package]]
name = "ptr_meta_derive"
version = "0.3.1"
source = "registry+https://github.com/rust-lang/crates.io-index"
checksum = "7347867d0a7e1208d93b46767be83e2b8f978c3dad35f775ac8d8847551d6fe1"
dependencies = [
 "proc-macro2",
 "quote",
 "syn",
]

[[package]]
name = "quote"
version = "1.0.46"
source = "registry+https://github.com/rust-lang/crates.io-index"
checksum = "dfbc457d0c7a0759a614551b11a6409e5951f6c7537be1f1b7682b9ae9230368"
dependencies = [
 "proc-macro2",
]

[[package]]
name = "r-efi"
version = "6.0.0"
source = "registry+https://github.com/rust-lang/crates.io-index"
checksum = "f8dcc9c7d52a811697d2151c701e0d08956f92b0e24136cf4cf27b57a6a0d9bf"

[[package]]
name = "rancor"
version = "0.1.2"
source = "registry+https://github.com/rust-lang/crates.io-index"
checksum = "daff8b7b3ccf5f7ba270b3e7a0a4d4c701c5797e38dec27c7e2c3dbb830fed1c"
dependencies = [
 "ptr_meta",
]

[[package]]
name = "rend"
version = "0.5.4"
source = "registry+https://github.com/rust-lang/crates.io-index"
checksum = "663ba70707f96e871406fe10d68128412e619b06d1d47cb91c3a4c6501176240"
dependencies = [
 "bytecheck",
]

[[package]]
name = "rkyv"
version = "0.8.17"
source = "registry+https://github.com/rust-lang/crates.io-index"
checksum = "815cc8a37159a463064825246cadb07961e25cd9885908606f6d08a98d8f8874"
dependencies = [
 "bytecheck",
 "bytes",
 "hashbrown",
 "indexmap",
 "munge",
 "ptr_meta",
 "rancor",
 "rend",
 "rkyv_derive",
 "tinyvec",
 "uuid",
]

[[package]]
name = "rkyv_derive"
version = "0.8.17"
source = "registry+https://github.com/rust-lang/crates.io-index"
checksum = "c0ed1a78a1b19d184b0daa629dd9a024573173ec7d485b287cb369fb3607cc1c"
dependencies = [
 "proc-macro2",
 "quote",
 "syn",
]

[[package]]
name = "rustversion"
version = "1.0.23"
source = "registry+https://github.com/rust-lang/crates.io-index"
checksum = "cf54715a573b99ac80df0bc206da022bcd442c974952c7b9720069370852e21f"

[[package]]
name = "serde"
version = "1.0.228"
source = "registry+https://github.com/rust-lang/crates.io-index"
checksum = "9a8e94ea7f378bd32cbbd37198a4a91436180c5bb472411e48b5ec2e2124ae9e"
dependencies = [
 "serde_core",
 "serde_derive",
]

[[package]]
name = "serde_core"
version = "1.0.228"
source = "registry+https://github.com/rust-lang/crates.io-index"
checksum = "41d385c7d4ca58e59fc732af25c3983b67ac852c1a25000afe1175de458b67ad"
dependencies = [
 "serde_derive",
]

[[package]]
name = "serde_derive"
version = "1.0.228"
source = "registry+https://github.com/rust-lang/crates.io-index"
checksum = "d540f220d3187173da220f885ab66608367b6574e925011a9353e4badda91d79"
dependencies = [
 "proc-macro2",
 "quote",
 "syn",
]

[[package]]
name = "serde_json"
version = "1.0.150"
source = "registry+https://github.com/rust-lang/crates.io-index"
checksum = "e8014e44b4736ed0538adeecded0fce2a272f22dc9578a7eb6b2d9993c74cfb9"
dependencies = [
 "itoa",
 "memchr",
 "serde",
 "serde_core",
 "zmij",
]

[[package]]
name = "simd-adler32"
version = "0.3.9"
source = "registry+https://github.com/rust-lang/crates.io-index"
checksum = "703d5c7ef118737c72f1af64ad2f6f8c5e1921f818cdcb97b8fe6fc69bf66214"

[[package]]
name = "simdutf8"
version = "0.1.5"
source = "registry+https://github.com/rust-lang/crates.io-index"
checksum = "e3a9fe34e3e7a50316060351f37187a3f546bce95496156754b601a5fa71b76e"

[[package]]
name = "slab"
version = "0.4.12"
source = "registry+https://github.com/rust-lang/crates.io-index"
checksum = "0c790de23124f9ab44544d7ac05d60440adc586479ce501c1d6d7da3cd8c9cf5"

[[package]]
name = "syn"
version = "2.0.118"
source = "registry+https://github.com/rust-lang/crates.io-index"
checksum = "1b9ae57f904213ebb649ce6895b8a66c66f0203b9319718f69a5612a065b1422"
dependencies = [
 "proc-macro2",
 "quote",
 "unicode-ident",
]

[[package]]
name = "tinyvec"
version = "1.11.0"
source = "registry+https://github.com/rust-lang/crates.io-index"
checksum = "3e61e67053d25a4e82c844e8424039d9745781b3fc4f32b8d55ed50f5f667ef3"
dependencies = [
 "tinyvec_macros",
]

[[package]]
name = "tinyvec_macros"
version = "0.1.1"
source = "registry+https://github.com/rust-lang/crates.io-index"
checksum = "1f3ccbac311fea05f86f61904b462b55fb3df8837a366dfc601a0161d0532f20"

[[package]]
name = "unicode-ident"
version = "1.0.24"
source = "registry+https://github.com/rust-lang/crates.io-index"
checksum = "e6e4313cd5fcd3dad5cafa179702e2b244f760991f45397d14d4ebf38247da75"

[[package]]
name = "uuid"
version = "1.23.4"
source = "registry+https://github.com/rust-lang/crates.io-index"
checksum = "bf80a72845275afea99e7f2b434723d3bc7e38470fcd1c7ed39a599c73319a53"
dependencies = [
 "getrandom",
 "js-sys",
 "wasm-bindgen",
]

[[package]]
name = "wasm-bindgen"
version = "0.2.126"
source = "registry+https://github.com/rust-lang/crates.io-index"
checksum = "4b067c0c11094aef6b7a801c1e34a26affafdf3d051dba08456b868789aaf9a4"
dependencies = [
 "cfg-if",
 "once_cell",
 "rustversion",
 "wasm-bindgen-macro",
 "wasm-bindgen-shared",
]

[[package]]
name = "wasm-bindgen-macro"
version = "0.2.126"
source = "registry+https://github.com/rust-lang/crates.io-index"
checksum = "167ce5e579f6bcf889c4f7175a8a5a585de84e8ff93976ce393efa5f2837aab1"
dependencies = [
 "quote",
 "wasm-bindgen-macro-support",
]

[[package]]
name = "wasm-bindgen-macro-support"
version = "0.2.126"
source = "registry+https://github.com/rust-lang/crates.io-index"
checksum = "f3997c7839262f4ef12cf90b818d6340c18e80f263f1a94bf157d0ec4420380e"
dependencies = [
 "bumpalo",
 "proc-macro2",
 "quote",
 "syn",
 "wasm-bindgen-shared",
]

[[package]]
name = "wasm-bindgen-shared"
version = "0.2.126"
source = "registry+https://github.com/rust-lang/crates.io-index"
checksum = "dc1b4cb0cc549fcf58d7dfc081778139b3d283a081644e833e84682ad71cea24"
dependencies = [
 "unicode-ident",
]

[[package]]
name = "yog-abi"
version = "0.20.0"
source = "registry+https://github.com/rust-lang/crates.io-index"
checksum = "31eda6639cd43f8eb4749623352adcb8c57f71b821b74cfd38fd2c6ebe78cfe0"

[[package]]
name = "yog-abi"
version = "0.21.0"
source = "registry+https://github.com/rust-lang/crates.io-index"
checksum = "ee1ed04bd8ac4408f24d185684f12e8f8b7fe690795cc1225d1dcc4c3f05906a"

[[package]]
name = "yog-api"
version = "0.77.0"
source = "registry+https://github.com/rust-lang/crates.io-index"
checksum = "2eb2b4ac6aa13cabf4b3dce25c92cdfb81994e76a8fea755b139a1d4e535be16"
dependencies = [
 "ctor",
 "rkyv",
 "yog-abi 0.20.0",
 "yog-book 0.48.0",
 "yog-command 0.1.0",
 "yog-config",
 "yog-core",
 "yog-entity",
 "yog-event 0.3.0",
 "yog-gfx 0.17.0",
 "yog-interop",
 "yog-inventory 0.6.0",
 "yog-logging",
 "yog-network",
 "yog-player",
 "yog-registry 0.20.0",
 "yog-storage",
 "yog-ui 0.28.0",
 "yog-world",
]

[[package]]
name = "yog-api"
version = "0.78.0"
source = "registry+https://github.com/rust-lang/crates.io-index"
checksum = "48a42e242499505577db6836feb4b6c77a7be849c58a9ef2154a9d1fb7063a62"
dependencies = [
 "ctor",
 "rkyv",
 "yog-abi 0.21.0",
 "yog-book 0.49.0",
 "yog-command 0.2.0",
 "yog-config",
 "yog-core",
 "yog-entity",
 "yog-event 0.4.0",
 "yog-gfx 0.18.0",
 "yog-interop",
 "yog-inventory 0.7.0",
 "yog-logging",
 "yog-network",
 "yog-player",
 "yog-registry 0.21.0",
 "yog-storage",
 "yog-ui 0.29.0",
 "yog-world",
]

[[package]]
name = "yog-book"
version = "0.48.0"
source = "registry+https://github.com/rust-lang/crates.io-index"
checksum = "3ff814550563cd26399532e3d7349de00548d11078a28dbebd94fe4687713e08"
dependencies = [
 "png",
 "serde",
 "serde_json",
 "yog-gfx 0.17.0",
 "yog-registry 0.20.0",
 "yog-ui 0.28.0",
]

[[package]]
name = "yog-book"
version = "0.49.0"
source = "registry+https://github.com/rust-lang/crates.io-index"
checksum = "f18cc24fafa698e368027b8a1ac65345b803c1e5d4625145a3edd23f754e47a5"
dependencies = [
 "png",
 "serde",
 "serde_json",
 "yog-gfx 0.18.0",
 "yog-registry 0.21.0",
 "yog-ui 0.29.0",
]

[[package]]
name = "yog-command"
version = "0.1.0"
source = "registry+https://github.com/rust-lang/crates.io-index"
checksum = "fad41014e342cb6c00b02edd5e7d8085c29f0410aef6d8e20d04807790324669"

[[package]]
name = "yog-command"
version = "0.2.0"
source = "registry+https://github.com/rust-lang/crates.io-index"
checksum = "2f8efe60c7e30ef31ce4e2ba33efdb600c2c0d4c18e107a90151d48209513b70"

[[package]]
name = "yog-config"
version = "0.1.0"
source = "registry+https://github.com/rust-lang/crates.io-index"
checksum = "d712d79a3e046f0482232c1dc59400e23f85f60935758b7bbcf2a02ed288e981"

[[package]]
name = "yog-core"
version = "0.3.0"
source = "registry+https://github.com/rust-lang/crates.io-index"
checksum = "f582073bfd74e26c2af19f35d4e9bc5b3db6d810549d8e0b132aca05986d284e"

[[package]]
name = "yog-entity"
version = "0.3.0"
source = "registry+https://github.com/rust-lang/crates.io-index"
checksum = "628a753f127f4026cbde676574069b0a9a0e1c02bb1b5cc1f27aea3718b25a07"
dependencies = [
 "yog-core",
]

[[package]]
name = "yog-event"
version = "0.3.0"
source = "registry+https://github.com/rust-lang/crates.io-index"
checksum = "4a17163983e4fc4a67f7e9c87abba00d52a58c43ff14cd8add8791884e15cb87"
dependencies = [
 "yog-core",
]

[[package]]
name = "yog-event"
version = "0.4.0"
source = "registry+https://github.com/rust-lang/crates.io-index"
checksum = "c976a04921e7ee6c86319bfc0bce078086a4db337024d90d43ff4e4dedd90644"
dependencies = [
 "yog-core",
]

[[package]]
name = "yog-gfx"
version = "0.17.0"
source = "registry+https://github.com/rust-lang/crates.io-index"
checksum = "37c4bd887af7c7aef7129b856b989b52b9b08c9272f695587273679a6601eee9"
dependencies = [
 "yog-abi 0.20.0",
]

[[package]]
name = "yog-gfx"
version = "0.18.0"
source = "registry+https://github.com/rust-lang/crates.io-index"
checksum = "3dfc765fe2b1a5e0b8efa080d54fa38f152fa76a652f2b0a91a2c9060ac0bc4f"
dependencies = [
 "yog-abi 0.21.0",
]

[[package]]
name = "yog-interop"
version = "0.20.0"
source = "registry+https://github.com/rust-lang/crates.io-index"
checksum = "38bc6109ee666c8809a35a35a8b31f336b9895a0b3643f9cf370e4dd0be578cc"
dependencies = [
 "proc-macro2",
 "quote",
 "syn",
]

[[package]]
name = "yog-inventory"
version = "0.6.0"
source = "registry+https://github.com/rust-lang/crates.io-index"
checksum = "883efd9ebdde65b6a1d2d746310a37506024a41260b58d06b878c4797c742743"
dependencies = [
 "serde",
 "serde_json",
 "yog-abi 0.20.0",
]

[[package]]
name = "yog-inventory"
version = "0.7.0"
source = "registry+https://github.com/rust-lang/crates.io-index"
checksum = "3fe967253696bb9624c191cded4d9a16e8e80ae5f263acabb81d7df6d92c28bb"
dependencies = [
 "serde",
 "serde_json",
 "yog-abi 0.21.0",
]

[[package]]
name = "yog-logging"
version = "0.1.0"
source = "registry+https://github.com/rust-lang/crates.io-index"
checksum = "1001108092147a04ae91db83a2f108bf2cacdc189809512bff9396d14e05dd83"

[[package]]
name = "yog-network"
version = "0.1.0"
source = "registry+https://github.com/rust-lang/crates.io-index"
checksum = "ebae18d123f9e2e9f129410f826c760be4f909f2a44f8df6a6966bb6570db85a"

[[package]]
name = "yog-player"
version = "0.4.0"
source = "registry+https://github.com/rust-lang/crates.io-index"
checksum = "ae81efa6fc7ef5e20c40c7cc47536055079d0241f892b12e1800e95f190a319b"
dependencies = [
 "yog-core",
 "yog-entity",
]

[[package]]
name = "yog-registry"
version = "0.20.0"
source = "registry+https://github.com/rust-lang/crates.io-index"
checksum = "6807f57e482f79dba1363ae5325c49816bc7ea23c89b51eb0a51998504d61c7b"
dependencies = [
 "serde",
 "yog-abi 0.20.0",
]

[[package]]
name = "yog-registry"
version = "0.21.0"
source = "registry+https://github.com/rust-lang/crates.io-index"
checksum = "689d88281c2bb4f6132b4d59b6093ab1a2e66e7b0bfeea6a5357377678e3189f"
dependencies = [
 "serde",
 "yog-abi 0.21.0",
]

[[package]]
name = "yog-storage"
version = "0.1.0"
source = "registry+https://github.com/rust-lang/crates.io-index"
checksum = "d300b68e1172c9cec95fee547a1cf641cc7063562b5851b91017814d39beb045"

[[package]]
name = "yog-ui"
version = "0.28.0"
source = "registry+https://github.com/rust-lang/crates.io-index"
checksum = "652777fe4154231b4d7a0424df416355f5fd88fb4df717cb5e34c703006c02df"
dependencies = [
 "yog-abi 0.20.0",
 "yog-gfx 0.17.0",
]

[[package]]
name = "yog-ui"
version = "0.29.0"
source = "registry+https://github.com/rust-lang/crates.io-index"
checksum = "b440adcecfa36774dfa18ec099566d9d2e0f1aaeb4e2228a485a0b9d43157373"
dependencies = [
 "yog-abi 0.21.0",
 "yog-gfx 0.18.0",
]

[[package]]
name = "yog-vlsi"
version = "0.1.0"
dependencies = [
 "rkyv",
 "serde",
 "serde_json",
 "uuid",
 "yog-api 0.78.0",
 "yog_pipes_exports",
]

[[package]]
name = "yog-world"
version = "0.3.0"
source = "registry+https://github.com/rust-lang/crates.io-index"
checksum = "bb74e3c6f45d754f9db7f5f159697320d8f6a83ce2f13aa65fa562f189aa932d"
dependencies = [
 "yog-core",
]

[[package]]
name = "yog_pipes_exports"
version = "0.3.0"
source = "registry+https://github.com/rust-lang/crates.io-index"
checksum = "dae60e64772af674ffdd0908e57b8d2d931549dcdcd1e6356854225a0ba4d7c0"
dependencies = [
 "rkyv",
 "yog-api 0.77.0",
]

[[package]]
name = "zmij"
version = "1.0.21"
source = "registry+https://github.com/rust-lang/crates.io-index"
checksum = "b8848ee67ecc8aedbaf3e4122217aff892639231befc6a1b58d29fff4c2cabaa"
